
Microsoft Visual Studio Solution File, Format Version 12.00
# Visual Studio 14
VisualStudioVersion = 14.0.25420.1
MinimumVisualStudioVersion = 10.0.40219.1
Project("{2150E333-8FDC-42A3-9474-1A3956D46DE8}") = "Engine", "Engine", "{3EA9EBE2-9B5F-42E0-BA17-80D45B4115D4}"
EndProject
Project("{2150E333-8FDC-42A3-9474-1A3956D46DE8}") = "Games", "Games", "{07CBDEDF-4459-44C9-BE2B-0B3DCC28C2CC}"
EndProject
Project("{8BC9CEB8-8B4A-11D0-8D11-00A0C91BC942}") = "UE4", "Intermediate\ProjectFiles\UE4.vcxproj", "{DD25D0FA-3A59-4FC7-947F-A4FC87B47215}"
EndProject
Project("{8BC9CEB8-8B4A-11D0-8D11-00A0C91BC942}") = "HTN", "Intermediate\ProjectFiles\HTN.vcxproj", "{415563F0-DB90-49FF-96C5-45E49EFDF4AF}"
EndProject
Global
	GlobalSection(SolutionConfigurationPlatforms) = preSolution
		DebugGame Editor|Android = DebugGame Editor|Android
		DebugGame Editor|Win32 = DebugGame Editor|Win32
		DebugGame Editor|Win64 = DebugGame Editor|Win64
		DebugGame|Android = DebugGame|Android
		DebugGame|Win32 = DebugGame|Win32
		DebugGame|Win64 = DebugGame|Win64
		Development Editor|Android = Development Editor|Android
		Development Editor|Win32 = Development Editor|Win32
		Development Editor|Win64 = Development Editor|Win64
		Development|Android = Development|Android
		Development|Win32 = Development|Win32
		Development|Win64 = Development|Win64
		Shipping|Android = Shipping|Android
		Shipping|Win32 = Shipping|Win32
		Shipping|Win64 = Shipping|Win64
	EndGlobalSection
	GlobalSection(ProjectConfigurationPlatforms) = postSolution
		{DD25D0FA-3A59-4FC7-947F-A4FC87B47215}.DebugGame Editor|Android.ActiveCfg = BuiltWithUnrealBuildTool|Win32
		{DD25D0FA-3A59-4FC7-947F-A4FC87B47215}.DebugGame Editor|Android.Build.0 = BuiltWithUnrealBuildTool|Win32
		{DD25D0FA-3A59-4FC7-947F-A4FC87B47215}.DebugGame Editor|Win32.ActiveCfg = BuiltWithUnrealBuildTool|Win32
		{DD25D0FA-3A59-4FC7-947F-A4FC87B47215}.DebugGame Editor|Win32.Build.0 = BuiltWithUnrealBuildTool|Win32
		{DD25D0FA-3A59-4FC7-947F-A4FC87B47215}.DebugGame Editor|Win64.ActiveCfg = BuiltWithUnrealBuildTool|Win32
		{DD25D0FA-3A59-4FC7-947F-A4FC87B47215}.DebugGame Editor|Win64.Build.0 = BuiltWithUnrealBuildTool|Win32
		{DD25D0FA-3A59-4FC7-947F-A4FC87B47215}.DebugGame|Android.ActiveCfg = BuiltWithUnrealBuildTool|Win32
		{DD25D0FA-3A59-4FC7-947F-A4FC87B47215}.DebugGame|Android.Build.0 = BuiltWithUnrealBuildTool|Win32
		{DD25D0FA-3A59-4FC7-947F-A4FC87B47215}.DebugGame|Win32.ActiveCfg = BuiltWithUnrealBuildTool|Win32
		{DD25D0FA-3A59-4FC7-947F-A4FC87B47215}.DebugGame|Win32.Build.0 = BuiltWithUnrealBuildTool|Win32
		{DD25D0FA-3A59-4FC7-947F-A4FC87B47215}.DebugGame|Win64.ActiveCfg = BuiltWithUnrealBuildTool|Win32
		{DD25D0FA-3A59-4FC7-947F-A4FC87B47215}.DebugGame|Win64.Build.0 = BuiltWithUnrealBuildTool|Win32
		{DD25D0FA-3A59-4FC7-947F-A4FC87B47215}.Development Editor|Android.ActiveCfg = BuiltWithUnrealBuildTool|Win32
		{DD25D0FA-3A59-4FC7-947F-A4FC87B47215}.Development Editor|Android.Build.0 = BuiltWithUnrealBuildTool|Win32
		{DD25D0FA-3A59-4FC7-947F-A4FC87B47215}.Development Editor|Win32.ActiveCfg = BuiltWithUnrealBuildTool|Win32
		{DD25D0FA-3A59-4FC7-947F-A4FC87B47215}.Development Editor|Win32.Build.0 = BuiltWithUnrealBuildTool|Win32
		{DD25D0FA-3A59-4FC7-947F-A4FC87B47215}.Development Editor|Win64.ActiveCfg = BuiltWithUnrealBuildTool|Win32
		{DD25D0FA-3A59-4FC7-947F-A4FC87B47215}.Development Editor|Win64.Build.0 = BuiltWithUnrealBuildTool|Win32
		{DD25D0FA-3A59-4FC7-947F-A4FC87B47215}.Development|Android.ActiveCfg = BuiltWithUnrealBuildTool|Win32
		{DD25D0FA-3A59-4FC7-947F-A4FC87B47215}.Development|Android.Build.0 = BuiltWithUnrealBuildTool|Win32
		{DD25D0FA-3A59-4FC7-947F-A4FC87B47215}.Development|Win32.ActiveCfg = BuiltWithUnrealBuildTool|Win32
		{DD25D0FA-3A59-4FC7-947F-A4FC87B47215}.Development|Win32.Build.0 = BuiltWithUnrealBuildTool|Win32
		{DD25D0FA-3A59-4FC7-947F-A4FC87B47215}.Development|Win64.ActiveCfg = BuiltWithUnrealBuildTool|Win32
		{DD25D0FA-3A59-4FC7-947F-A4FC87B47215}.Development|Win64.Build.0 = BuiltWithUnrealBuildTool|Win32
		{DD25D0FA-3A59-4FC7-947F-A4FC87B47215}.Shipping|Android.ActiveCfg = BuiltWithUnrealBuildTool|Win32
		{DD25D0FA-3A59-4FC7-947F-A4FC87B47215}.Shipping|Android.Build.0 = BuiltWithUnrealBuildTool|Win32
		{DD25D0FA-3A59-4FC7-947F-A4FC87B47215}.Shipping|Win32.ActiveCfg = BuiltWithUnrealBuildTool|Win32
		{DD25D0FA-3A59-4FC7-947F-A4FC87B47215}.Shipping|Win32.Build.0 = BuiltWithUnrealBuildTool|Win32
		{DD25D0FA-3A59-4FC7-947F-A4FC87B47215}.Shipping|Win64.ActiveCfg = BuiltWithUnrealBuildTool|Win32
		{DD25D0FA-3A59-4FC7-947F-A4FC87B47215}.Shipping|Win64.Build.0 = BuiltWithUnrealBuildTool|Win32
		{415563F0-DB90-49FF-96C5-45E49EFDF4AF}.DebugGame Editor|Android.ActiveCfg = Android_DebugGame_Editor|Win32
		{415563F0-DB90-49FF-96C5-45E49EFDF4AF}.DebugGame Editor|Win32.ActiveCfg = DebugGame_Editor|Win32
		{415563F0-DB90-49FF-96C5-45E49EFDF4AF}.DebugGame Editor|Win64.ActiveCfg = DebugGame_Editor|x64
		{415563F0-DB90-49FF-96C5-45E49EFDF4AF}.DebugGame Editor|Win64.Build.0 = DebugGame_Editor|x64
		{415563F0-DB90-49FF-96C5-45E49EFDF4AF}.DebugGame|Android.ActiveCfg = Android_DebugGame_Game|Win32
		{415563F0-DB90-49FF-96C5-45E49EFDF4AF}.DebugGame|Android.Build.0 = Android_DebugGame_Game|Win32
		{415563F0-DB90-49FF-96C5-45E49EFDF4AF}.DebugGame|Win32.ActiveCfg = DebugGame_Game|Win32
		{415563F0-DB90-49FF-96C5-45E49EFDF4AF}.DebugGame|Win32.Build.0 = DebugGame_Game|Win32
		{415563F0-DB90-49FF-96C5-45E49EFDF4AF}.DebugGame|Win64.ActiveCfg = DebugGame_Game|x64
		{415563F0-DB90-49FF-96C5-45E49EFDF4AF}.DebugGame|Win64.Build.0 = DebugGame_Game|x64
		{415563F0-DB90-49FF-96C5-45E49EFDF4AF}.Development Editor|Android.ActiveCfg = Android_Development_Editor|Win32
		{415563F0-DB90-49FF-96C5-45E49EFDF4AF}.Development Editor|Win32.ActiveCfg = Development_Editor|Win32
		{415563F0-DB90-49FF-96C5-45E49EFDF4AF}.Development Editor|Win64.ActiveCfg = Development_Editor|x64
		{415563F0-DB90-49FF-96C5-45E49EFDF4AF}.Development Editor|Win64.Build.0 = Development_Editor|x64
		{415563F0-DB90-49FF-96C5-45E49EFDF4AF}.Development|Android.ActiveCfg = Android_Development_Game|Win32
		{415563F0-DB90-49FF-96C5-45E49EFDF4AF}.Development|Android.Build.0 = Android_Development_Game|Win32
		{415563F0-DB90-49FF-96C5-45E49EFDF4AF}.Development|Win32.ActiveCfg = Development_Game|Win32
		{415563F0-DB90-49FF-96C5-45E49EFDF4AF}.Development|Win32.Build.0 = Development_Game|Win32
		{415563F0-DB90-49FF-96C5-45E49EFDF4AF}.Development|Win64.ActiveCfg = Development_Game|x64
		{415563F0-DB90-49FF-96C5-45E49EFDF4AF}.Development|Win64.Build.0 = Development_Game|x64
		{415563F0-DB90-49FF-96C5-45E49EFDF4AF}.Shipping|Android.ActiveCfg = Android_Shipping_Game|Win32
		{415563F0-DB90-49FF-96C5-45E49EFDF4AF}.Shipping|Android.Build.0 = Android_Shipping_Game|Win32
		{415563F0-DB90-49FF-96C5-45E49EFDF4AF}.Shipping|Win32.ActiveCfg = Shipping_Game|Win32
		{415563F0-DB90-49FF-96C5-45E49EFDF4AF}.Shipping|Win32.Build.0 = Shipping_Game|Win32
		{415563F0-DB90-49FF-96C5-45E49EFDF4AF}.Shipping|Win64.ActiveCfg = Shipping_Game|x64
		{415563F0-DB90-49FF-96C5-45E49EFDF4AF}.Shipping|Win64.Build.0 = Shipping_Game|x64
	EndGlobalSection
	GlobalSection(SolutionProperties) = preSolution
		HideSolutionNode = FALSE
	EndGlobalSection
	GlobalSection(NestedProjects) = preSolution
		{DD25D0FA-3A59-4FC7-947F-A4FC87B47215} = {3EA9EBE2-9B5F-42E0-BA17-80D45B4115D4}
		{415563F0-DB90-49FF-96C5-45E49EFDF4AF} = {07CBDEDF-4459-44C9-BE2B-0B3DCC28C2CC}
	EndGlobalSection
EndGlobal
